// !$*UTF8*$!
{
	archiveVersion = 1;
	classes = {
	};
	objectVersion = 51;
	objects = {

/* Begin PBXBuildFile section */
		696DAFB6264EB01400F8BDD5 /* AppDelegate.swift in Sources */ = {isa = PBXBuildFile; fileRef = 696DAFB5264EB01400F8BDD5 /* AppDelegate.swift */; };
		696DAFB8264EB01400F8BDD5 /* SceneDelegate.swift in Sources */ = {isa = PBXBuildFile; fileRef = 696DAFB7264EB01400F8BDD5 /* SceneDelegate.swift */; };
		696DAFBA264EB01400F8BDD5 /* ConversationsViewController.swift in Sources */ = {isa = PBXBuildFile; fileRef = 696DAFB9264EB01400F8BDD5 /* ConversationsViewController.swift */; };
		696DAFBD264EB01400F8BDD5 /* Main.storyboard in Resources */ = {isa = PBXBuildFile; fileRef = 696DAFBB264EB01400F8BDD5 /* Main.storyboard */; };
		696DAFBF264EB01700F8BDD5 /* Assets.xcassets in Resources */ = {isa = PBXBuildFile; fileRef = 696DAFBE264EB01700F8BDD5 /* Assets.xcassets */; };
		696DAFC2264EB01700F8BDD5 /* LaunchScreen.storyboard in Resources */ = {isa = PBXBuildFile; fileRef = 696DAFC0264EB01700F8BDD5 /* LaunchScreen.storyboard */; };
		696DAFD1264EB4D300F8BDD5 /* ProfileViewController.swift in Sources */ = {isa = PBXBuildFile; fileRef = 696DAFD0264EB4D300F8BDD5 /* ProfileViewController.swift */; };
		696DAFD4264EB4E200F8BDD5 /* NewControllerViewController.swift in Sources */ = {isa = PBXBuildFile; fileRef = 696DAFD3264EB4E200F8BDD5 /* NewControllerViewController.swift */; };
		696DAFD7264EB4F400F8BDD5 /* VIdeoPlayerViewController.swift in Sources */ = {isa = PBXBuildFile; fileRef = 696DAFD6264EB4F400F8BDD5 /* VIdeoPlayerViewController.swift */; };
		696DAFDA264EB50D00F8BDD5 /* PhotoViewerViewController.swift in Sources */ = {isa = PBXBuildFile; fileRef = 696DAFD9264EB50D00F8BDD5 /* PhotoViewerViewController.swift */; };
		696DAFDD264EB51800F8BDD5 /* RegisterViewController.swift in Sources */ = {isa = PBXBuildFile; fileRef = 696DAFDC264EB51700F8BDD5 /* RegisterViewController.swift */; };
		696DAFE0264EB52000F8BDD5 /* LoginViewController.swift in Sources */ = {isa = PBXBuildFile; fileRef = 696DAFDF264EB52000F8BDD5 /* LoginViewController.swift */; };
		696DAFE5264EC5DF00F8BDD5 /* Extensions.swift in Sources */ = {isa = PBXBuildFile; fileRef = 696DAFE4264EC5DF00F8BDD5 /* Extensions.swift */; };
		696DB0022652D1A800F8BDD5 /* GoogleService-Info.plist in Resources */ = {isa = PBXBuildFile; fileRef = 696DB0012652D1A800F8BDD5 /* GoogleService-Info.plist */; };
		696DB02A2653F49D00F8BDD5 /* DatabaseManager.swift in Sources */ = {isa = PBXBuildFile; fileRef = 696DB0292653F49D00F8BDD5 /* DatabaseManager.swift */; };
		E02FA761476F5634789E0AF1 /* Pods_Messanger.framework in Frameworks */ = {isa = PBXBuildFile; fileRef = 520627BDD69F25F6AA43013C /* Pods_Messanger.framework */; };
/* End PBXBuildFile section */

/* Begin PBXFileReference section */
		267CF9FF79DFD80F8B91631D /* Pods-Messanger.debug.xcconfig */ = {isa = PBXFileReference; includeInIndex = 1; lastKnownFileType = text.xcconfig; name = "Pods-Messanger.debug.xcconfig"; path = "Target Support Files/Pods-Messanger/Pods-Messanger.debug.xcconfig"; sourceTree = "<group>"; };
		2EB30964BB7BD8A9BBF081C4 /* Pods-Messanger.release.xcconfig */ = {isa = PBXFileReference; includeInIndex = 1; lastKnownFileType = text.xcconfig; name = "Pods-Messanger.release.xcconfig"; path = "Target Support Files/Pods-Messanger/Pods-Messanger.release.xcconfig"; sourceTree = "<group>"; };
		520627BDD69F25F6AA43013C /* Pods_Messanger.framework */ = {isa = PBXFileReference; explicitFileType = wrapper.framework; includeInIndex = 0; path = Pods_Messanger.framework; sourceTree = BUILT_PRODUCTS_DIR; };
		696DAFB2264EB01400F8BDD5 /* Messanger.app */ = {isa = PBXFileReference; explicitFileType = wrapper.application; includeInIndex = 0; path = Messanger.app; sourceTree = BUILT_PRODUCTS_DIR; };
		696DAFB5264EB01400F8BDD5 /* AppDelegate.swift */ = {isa = PBXFileReference; lastKnownFileType = sourcecode.swift; path = AppDelegate.swift; sourceTree = "<group>"; };
		696DAFB7264EB01400F8BDD5 /* SceneDelegate.swift */ = {isa = PBXFileReference; lastKnownFileType = sourcecode.swift; path = SceneDelegate.swift; sourceTree = "<group>"; };
		696DAFB9264EB01400F8BDD5 /* ConversationsViewController.swift */ = {isa = PBXFileReference; lastKnownFileType = sourcecode.swift; path = ConversationsViewController.swift; sourceTree = "<group>"; };
		696DAFBC264EB01400F8BDD5 /* Base */ = {isa = PBXFileReference; lastKnownFileType = file.storyboard; name = Base; path = Base.lproj/Main.storyboard; sourceTree = "<group>"; };
		696DAFBE264EB01700F8BDD5 /* Assets.xcassets */ = {isa = PBXFileReference; lastKnownFileType = folder.assetcatalog; path = Assets.xcassets; sourceTree = "<group>"; };
		696DAFC1264EB01700F8BDD5 /* Base */ = {isa = PBXFileReference; lastKnownFileType = file.storyboard; name = Base; path = Base.lproj/LaunchScreen.storyboard; sourceTree = "<group>"; };
		696DAFC3264EB01700F8BDD5 /* Info.plist */ = {isa = PBXFileReference; lastKnownFileType = text.plist.xml; path = Info.plist; sourceTree = "<group>"; };
		696DAFD0264EB4D300F8BDD5 /* ProfileViewController.swift */ = {isa = PBXFileReference; lastKnownFileType = sourcecode.swift; path = ProfileViewController.swift; sourceTree = "<group>"; };
		696DAFD3264EB4E200F8BDD5 /* NewControllerViewController.swift */ = {isa = PBXFileReference; lastKnownFileType = sourcecode.swift; path = NewControllerViewController.swift; sourceTree = "<group>"; };
		696DAFD6264EB4F400F8BDD5 /* VIdeoPlayerViewController.swift */ = {isa = PBXFileReference; lastKnownFileType = sourcecode.swift; path = VIdeoPlayerViewController.swift; sourceTree = "<group>"; };
		696DAFD9264EB50D00F8BDD5 /* PhotoViewerViewController.swift */ = {isa = PBXFileReference; lastKnownFileType = sourcecode.swift; path = PhotoViewerViewController.swift; sourceTree = "<group>"; };
		696DAFDC264EB51700F8BDD5 /* RegisterViewController.swift */ = {isa = PBXFileReference; lastKnownFileType = sourcecode.swift; path = RegisterViewController.swift; sourceTree = "<group>"; };
		696DAFDF264EB52000F8BDD5 /* LoginViewController.swift */ = {isa = PBXFileReference; lastKnownFileType = sourcecode.swift; path = LoginViewController.swift; sourceTree = "<group>"; };
		696DAFE4264EC5DF00F8BDD5 /* Extensions.swift */ = {isa = PBXFileReference; lastKnownFileType = sourcecode.swift; path = Extensions.swift; sourceTree = "<group>"; };
		696DB0012652D1A800F8BDD5 /* GoogleService-Info.plist */ = {isa = PBXFileReference; fileEncoding = 4; lastKnownFileType = text.plist.xml; path = "GoogleService-Info.plist"; sourceTree = "<group>"; };
		696DB0292653F49D00F8BDD5 /* DatabaseManager.swift */ = {isa = PBXFileReference; lastKnownFileType = sourcecode.swift; path = DatabaseManager.swift; sourceTree = "<group>"; };
/* End PBXFileReference section */

/* Begin PBXFrameworksBuildPhase section */
		696DAFAF264EB01400F8BDD5 /* Frameworks */ = {
			isa = PBXFrameworksBuildPhase;
			buildActionMask = 2147483647;
			files = (
				E02FA761476F5634789E0AF1 /* Pods_Messanger.framework in Frameworks */,
			);
			runOnlyForDeploymentPostprocessing = 0;
		};
/* End PBXFrameworksBuildPhase section */

/* Begin PBXGroup section */
		54738A76DCEB685A0D7163F1 /* Pods */ = {
			isa = PBXGroup;
			children = (
				267CF9FF79DFD80F8B91631D /* Pods-Messanger.debug.xcconfig */,
				2EB30964BB7BD8A9BBF081C4 /* Pods-Messanger.release.xcconfig */,
			);
			path = Pods;
			sourceTree = "<group>";
		};
		696DAFA9264EB01400F8BDD5 = {
			isa = PBXGroup;
			children = (
				696DAFB4264EB01400F8BDD5 /* Messanger */,
				696DAFB3264EB01400F8BDD5 /* Products */,
				54738A76DCEB685A0D7163F1 /* Pods */,
				940310CA8FD33A3F45219BBE /* Frameworks */,
			);
			sourceTree = "<group>";
		};
		696DAFB3264EB01400F8BDD5 /* Products */ = {
			isa = PBXGroup;
			children = (
				696DAFB2264EB01400F8BDD5 /* Messanger.app */,
			);
			name = Products;
			sourceTree = "<group>";
		};
		696DAFB4264EB01400F8BDD5 /* Messanger */ = {
			isa = PBXGroup;
			children = (
				696DB0012652D1A800F8BDD5 /* GoogleService-Info.plist */,
				696DAFCE264EB2A000F8BDD5 /* Resources */,
				696DAFCD264EB29400F8BDD5 /* ViewModels */,
				696DAFCC264EB28D00F8BDD5 /* Models */,
				696DAFCB264EB27E00F8BDD5 /* Views */,
				696DAFCA264EB27500F8BDD5 /* Controllers */,
				696DAFC3264EB01700F8BDD5 /* Info.plist */,
			);
			path = Messanger;
			sourceTree = "<group>";
		};
		696DAFCA264EB27500F8BDD5 /* Controllers */ = {
			isa = PBXGroup;
			children = (
				696DAFE2264EB95F00F8BDD5 /* LogIn */,
				696DAFB9264EB01400F8BDD5 /* ConversationsViewController.swift */,
				696DAFD0264EB4D300F8BDD5 /* ProfileViewController.swift */,
				696DAFD3264EB4E200F8BDD5 /* NewControllerViewController.swift */,
				696DAFD6264EB4F400F8BDD5 /* VIdeoPlayerViewController.swift */,
				696DAFD9264EB50D00F8BDD5 /* PhotoViewerViewController.swift */,
			);
			path = Controllers;
			sourceTree = "<group>";
		};
		696DAFCB264EB27E00F8BDD5 /* Views */ = {
			isa = PBXGroup;
			children = (
				696DAFCF264EB2FF00F8BDD5 /* Storyboards */,
				696DAFBE264EB01700F8BDD5 /* Assets.xcassets */,
			);
			path = Views;
			sourceTree = "<group>";
		};
		696DAFCC264EB28D00F8BDD5 /* Models */ = {
			isa = PBXGroup;
			children = (
			);
			path = Models;
			sourceTree = "<group>";
		};
		696DAFCD264EB29400F8BDD5 /* ViewModels */ = {
			isa = PBXGroup;
			children = (
			);
			path = ViewModels;
			sourceTree = "<group>";
		};
		696DAFCE264EB2A000F8BDD5 /* Resources */ = {
			isa = PBXGroup;
			children = (
				696DAFB5264EB01400F8BDD5 /* AppDelegate.swift */,
				696DAFB7264EB01400F8BDD5 /* SceneDelegate.swift */,
				696DAFE4264EC5DF00F8BDD5 /* Extensions.swift */,
				696DB0292653F49D00F8BDD5 /* DatabaseManager.swift */,
			);
			path = Resources;
			sourceTree = "<group>";
		};
		696DAFCF264EB2FF00F8BDD5 /* Storyboards */ = {
			isa = PBXGroup;
			children = (
				696DAFBB264EB01400F8BDD5 /* Main.storyboard */,
				696DAFC0264EB01700F8BDD5 /* LaunchScreen.storyboard */,
			);
			path = Storyboards;
			sourceTree = "<group>";
		};
		696DAFE2264EB95F00F8BDD5 /* LogIn */ = {
			isa = PBXGroup;
			children = (
				696DAFDF264EB52000F8BDD5 /* LoginViewController.swift */,
				696DAFDC264EB51700F8BDD5 /* RegisterViewController.swift */,
			);
			path = LogIn;
			sourceTree = "<group>";
		};
		940310CA8FD33A3F45219BBE /* Frameworks */ = {
			isa = PBXGroup;
			children = (
				520627BDD69F25F6AA43013C /* Pods_Messanger.framework */,
			);
			name = Frameworks;
			sourceTree = "<group>";
		};
/* End PBXGroup section */

/* Begin PBXNativeTarget section */
		696DAFB1264EB01400F8BDD5 /* Messanger */ = {
			isa = PBXNativeTarget;
			buildConfigurationList = 696DAFC6264EB01700F8BDD5 /* Build configuration list for PBXNativeTarget "Messanger" */;
			buildPhases = (
				9175E2D2A5901642F6224A35 /* [CP] Check Pods Manifest.lock */,
				696DAFAE264EB01400F8BDD5 /* Sources */,
				696DAFAF264EB01400F8BDD5 /* Frameworks */,
				696DAFB0264EB01400F8BDD5 /* Resources */,
				B5CC45AD920F236A7A9D0D30 /* [CP] Embed Pods Frameworks */,
			);
			buildRules = (
			);
			dependencies = (
			);
			name = Messanger;
			productName = Messanger;
			productReference = 696DAFB2264EB01400F8BDD5 /* Messanger.app */;
			productType = "com.apple.product-type.application";
		};
/* End PBXNativeTarget section */

/* Begin PBXProject section */
		696DAFAA264EB01400F8BDD5 /* Project object */ = {
			isa = PBXProject;
			attributes = {
				LastSwiftUpdateCheck = 1240;
				LastUpgradeCheck = 1240;
				TargetAttributes = {
					696DAFB1264EB01400F8BDD5 = {
						CreatedOnToolsVersion = 12.4;
					};
				};
			};
			buildConfigurationList = 696DAFAD264EB01400F8BDD5 /* Build configuration list for PBXProject "Messanger" */;
			compatibilityVersion = "Xcode 9.3";
			developmentRegion = en;
			hasScannedForEncodings = 0;
			knownRegions = (
				en,
				Base,
			);
			mainGroup = 696DAFA9264EB01400F8BDD5;
			productRefGroup = 696DAFB3264EB01400F8BDD5 /* Products */;
			projectDirPath = "";
			projectRoot = "";
			targets = (
				696DAFB1264EB01400F8BDD5 /* Messanger */,
			);
		};
/* End PBXProject section */

/* Begin PBXResourcesBuildPhase section */
		696DAFB0264EB01400F8BDD5 /* Resources */ = {
			isa = PBXResourcesBuildPhase;
			buildActionMask = 2147483647;
			files = (
				696DAFC2264EB01700F8BDD5 /* LaunchScreen.storyboard in Resources */,
				696DB0022652D1A800F8BDD5 /* GoogleService-Info.plist in Resources */,
				696DAFBF264EB01700F8BDD5 /* Assets.xcassets in Resources */,
				696DAFBD264EB01400F8BDD5 /* Main.storyboard in Resources */,
			);
			runOnlyForDeploymentPostprocessing = 0;
		};
/* End PBXResourcesBuildPhase section */

/* Begin PBXShellScriptBuildPhase section */
		9175E2D2A5901642F6224A35 /* [CP] Check Pods Manifest.lock */ = {
			isa = PBXShellScriptBuildPhase;
			buildActionMask = 2147483647;
			files = (
			);
			inputFileListPaths = (
			);
			inputPaths = (
				"${PODS_PODFILE_DIR_PATH}/Podfile.lock",
				"${PODS_ROOT}/Manifest.lock",
			);
			name = "[CP] Check Pods Manifest.lock";
			outputFileListPaths = (
			);
			outputPaths = (
				"$(DERIVED_FILE_DIR)/Pods-Messanger-checkManifestLockResult.txt",
			);
			runOnlyForDeploymentPostprocessing = 0;
			shellPath = /bin/sh;
			shellScript = "diff \"${PODS_PODFILE_DIR_PATH}/Podfile.lock\" \"${PODS_ROOT}/Manifest.lock\" > /dev/null\nif [ $? != 0 ] ; then\n    # print error to STDERR\n    echo \"error: The sandbox is not in sync with the Podfile.lock. Run 'pod install' or update your CocoaPods installation.\" >&2\n    exit 1\nfi\n# This output is used by Xcode 'outputs' to avoid re-running this script phase.\necho \"SUCCESS\" > \"${SCRIPT_OUTPUT_FILE_0}\"\n";
			showEnvVarsInLog = 0;
		};
		B5CC45AD920F236A7A9D0D30 /* [CP] Embed Pods Frameworks */ = {
			isa = PBXShellScriptBuildPhase;
			buildActionMask = 2147483647;
			files = (
			);
			inputFileListPaths = (
				"${PODS_ROOT}/Target Support Files/Pods-Messanger/Pods-Messanger-frameworks-${CONFIGURATION}-input-files.xcfilelist",
			);
			name = "[CP] Embed Pods Frameworks";
			outputFileListPaths = (
				"${PODS_ROOT}/Target Support Files/Pods-Messanger/Pods-Messanger-frameworks-${CONFIGURATION}-output-files.xcfilelist",
			);
			runOnlyForDeploymentPostprocessing = 0;
			shellPath = /bin/sh;
			shellScript = "\"${PODS_ROOT}/Target Support Files/Pods-Messanger/Pods-Messanger-frameworks.sh\"\n";
			showEnvVarsInLog = 0;
		};
/* End PBXShellScriptBuildPhase section */

/* Begin PBXSourcesBuildPhase section */
		696DAFAE264EB01400F8BDD5 /* Sources */ = {
			isa = PBXSourcesBuildPhase;
			buildActionMask = 2147483647;
			files = (
				696DAFE0264EB52000F8BDD5 /* LoginViewController.swift in Sources */,
				696DB02A2653F49D00F8BDD5 /* DatabaseManager.swift in Sources */,
				696DAFD4264EB4E200F8BDD5 /* NewControllerViewController.swift in Sources */,
				696DAFBA264EB01400F8BDD5 /* ConversationsViewController.swift in Sources */,
				696DAFB6264EB01400F8BDD5 /* AppDelegate.swift in Sources */,
				696DAFDD264EB51800F8BDD5 /* RegisterViewController.swift in Sources */,
				696DAFE5264EC5DF00F8BDD5 /* Extensions.swift in Sources */,
				696DAFDA264EB50D00F8BDD5 /* PhotoViewerViewController.swift in Sources */,
				696DAFD1264EB4D300F8BDD5 /* ProfileViewController.swift in Sources */,
				696DAFB8264EB01400F8BDD5 /* SceneDelegate.swift in Sources */,
				696DAFD7264EB4F400F8BDD5 /* VIdeoPlayerViewController.swift in Sources */,
			);
			runOnlyForDeploymentPostprocessing = 0;
		};
/* End PBXSourcesBuildPhase section */

/* Begin PBXVariantGroup section */
		696DAFBB264EB01400F8BDD5 /* Main.storyboard */ = {
			isa = PBXVariantGroup;
			children = (
				696DAFBC264EB01400F8BDD5 /* Base */,
			);
			name = Main.storyboard;
			sourceTree = "<group>";
		};
		696DAFC0264EB01700F8BDD5 /* LaunchScreen.storyboard */ = {
			isa = PBXVariantGroup;
			children = (
				696DAFC1264EB01700F8BDD5 /* Base */,
			);
			name = LaunchScreen.storyboard;
			sourceTree = "<group>";
		};
/* End PBXVariantGroup section */

/* Begin XCBuildConfiguration section */
		696DAFC4264EB01700F8BDD5 /* Debug */ = {
			isa = XCBuildConfiguration;
			buildSettings = {
				ALWAYS_SEARCH_USER_PATHS = NO;
				CLANG_ANALYZER_NONNULL = YES;
				CLANG_ANALYZER_NUMBER_OBJECT_CONVERSION = YES_AGGRESSIVE;
				CLANG_CXX_LANGUAGE_STANDARD = "gnu++14";
				CLANG_CXX_LIBRARY = "libc++";
				CLANG_ENABLE_MODULES = YES;
				CLANG_ENABLE_OBJC_ARC = YES;
				CLANG_ENABLE_OBJC_WEAK = YES;
				CLANG_WARN_BLOCK_CAPTURE_AUTORELEASING = YES;
				CLANG_WARN_BOOL_CONVERSION = YES;
				CLANG_WARN_COMMA = YES;
				CLANG_WARN_CONSTANT_CONVERSION = YES;
				CLANG_WARN_DEPRECATED_OBJC_IMPLEMENTATIONS = YES;
				CLANG_WARN_DIRECT_OBJC_ISA_USAGE = YES_ERROR;
				CLANG_WARN_DOCUMENTATION_COMMENTS = YES;
				CLANG_WARN_EMPTY_BODY = YES;
				CLANG_WARN_ENUM_CONVERSION = YES;
				CLANG_WARN_INFINITE_RECURSION = YES;
				CLANG_WARN_INT_CONVERSION = YES;
				CLANG_WARN_NON_LITERAL_NULL_CONVERSION = YES;
				CLANG_WARN_OBJC_IMPLICIT_RETAIN_SELF = YES;
				CLANG_WARN_OBJC_LITERAL_CONVERSION = YES;
				CLANG_WARN_OBJC_ROOT_CLASS = YES_ERROR;
				CLANG_WARN_QUOTED_INCLUDE_IN_FRAMEWORK_HEADER = YES;
				CLANG_WARN_RANGE_LOOP_ANALYSIS = YES;
				CLANG_WARN_STRICT_PROTOTYPES = YES;
				CLANG_WARN_SUSPICIOUS_MOVE = YES;
				CLANG_WARN_UNGUARDED_AVAILABILITY = YES_AGGRESSIVE;
				CLANG_WARN_UNREACHABLE_CODE = YES;
				CLANG_WARN__DUPLICATE_METHOD_MATCH = YES;
				COPY_PHASE_STRIP = NO;
				DEBUG_INFORMATION_FORMAT = dwarf;
				ENABLE_STRICT_OBJC_MSGSEND = YES;
				ENABLE_TESTABILITY = YES;
				GCC_C_LANGUAGE_STANDARD = gnu11;
				GCC_DYNAMIC_NO_PIC = NO;
				GCC_NO_COMMON_BLOCKS = YES;
				GCC_OPTIMIZATION_LEVEL = 0;
				GCC_PREPROCESSOR_DEFINITIONS = (
					"DEBUG=1",
					"$(inherited)",
				);
				GCC_WARN_64_TO_32_BIT_CONVERSION = YES;
				GCC_WARN_ABOUT_RETURN_TYPE = YES_ERROR;
				GCC_WARN_UNDECLARED_SELECTOR = YES;
				GCC_WARN_UNINITIALIZED_AUTOS = YES_AGGRESSIVE;
				GCC_WARN_UNUSED_FUNCTION = YES;
				GCC_WARN_UNUSED_VARIABLE = YES;
				IPHONEOS_DEPLOYMENT_TARGET = 14.4;
				MTL_ENABLE_DEBUG_INFO = INCLUDE_SOURCE;
				MTL_FAST_MATH = YES;
				ONLY_ACTIVE_ARCH = YES;
				SDKROOT = iphoneos;
				SWIFT_ACTIVE_COMPILATION_CONDITIONS = DEBUG;
				SWIFT_OPTIMIZATION_LEVEL = "-Onone";
			};
			name = Debug;
		};
		696DAFC5264EB01700F8BDD5 /* Release */ = {
			isa = XCBuildConfiguration;
			buildSettings = {
				ALWAYS_SEARCH_USER_PATHS = NO;
				CLANG_ANALYZER_NONNULL = YES;
				CLANG_ANALYZER_NUMBER_OBJECT_CONVERSION = YES_AGGRESSIVE;
				CLANG_CXX_LANGUAGE_STANDARD = "gnu++14";
				CLANG_CXX_LIBRARY = "libc++";
				CLANG_ENABLE_MODULES = YES;
				CLANG_ENABLE_OBJC_ARC = YES;
				CLANG_ENABLE_OBJC_WEAK = YES;
				CLANG_WARN_BLOCK_CAPTURE_AUTORELEASING = YES;
				CLANG_WARN_BOOL_CONVERSION = YES;
				CLANG_WARN_COMMA = YES;
				CLANG_WARN_CONSTANT_CONVERSION = YES;
				CLANG_WARN_DEPRECATED_OBJC_IMPLEMENTATIONS = YES;
				CLANG_WARN_DIRECT_OBJC_ISA_USAGE = YES_ERROR;
				CLANG_WARN_DOCUMENTATION_COMMENTS = YES;
				CLANG_WARN_EMPTY_BODY = YES;
				CLANG_WARN_ENUM_CONVERSION = YES;
				CLANG_WARN_INFINITE_RECURSION = YES;
				CLANG_WARN_INT_CONVERSION = YES;
				CLANG_WARN_NON_LITERAL_NULL_CONVERSION = YES;
				CLANG_WARN_OBJC_IMPLICIT_RETAIN_SELF = YES;
				CLANG_WARN_OBJC_LITERAL_CONVERSION = YES;
				CLANG_WARN_OBJC_ROOT_CLASS = YES_ERROR;
				CLANG_WARN_QUOTED_INCLUDE_IN_FRAMEWORK_HEADER = YES;
				CLANG_WARN_RANGE_LOOP_ANALYSIS = YES;
				CLANG_WARN_STRICT_PROTOTYPES = YES;
				CLANG_WARN_SUSPICIOUS_MOVE = YES;
				CLANG_WARN_UNGUARDED_AVAILABILITY = YES_AGGRESSIVE;
				CLANG_WARN_UNREACHABLE_CODE = YES;
				CLANG_WARN__DUPLICATE_METHOD_MATCH = YES;
				COPY_PHASE_STRIP = NO;
				DEBUG_INFORMATION_FORMAT = "dwarf-with-dsym";
				ENABLE_NS_ASSERTIONS = NO;
				ENABLE_STRICT_OBJC_MSGSEND = YES;
				GCC_C_LANGUAGE_STANDARD = gnu11;
				GCC_NO_COMMON_BLOCKS = YES;
				GCC_WARN_64_TO_32_BIT_CONVERSION = YES;
				GCC_WARN_ABOUT_RETURN_TYPE = YES_ERROR;
				GCC_WARN_UNDECLARED_SELECTOR = YES;
				GCC_WARN_UNINITIALIZED_AUTOS = YES_AGGRESSIVE;
				GCC_WARN_UNUSED_FUNCTION = YES;
				GCC_WARN_UNUSED_VARIABLE = YES;
				IPHONEOS_DEPLOYMENT_TARGET = 14.4;
				MTL_ENABLE_DEBUG_INFO = NO;
				MTL_FAST_MATH = YES;
				SDKROOT = iphoneos;
				SWIFT_COMPILATION_MODE = wholemodule;
				SWIFT_OPTIMIZATION_LEVEL = "-O";
				VALIDATE_PRODUCT = YES;
			};
			name = Release;
		};
		696DAFC7264EB01700F8BDD5 /* Debug */ = {
			isa = XCBuildConfiguration;
			baseConfigurationReference = 267CF9FF79DFD80F8B91631D /* Pods-Messanger.debug.xcconfig */;
			buildSettings = {
				ASSETCATALOG_COMPILER_APPICON_NAME = AppIcon;
				ASSETCATALOG_COMPILER_GLOBAL_ACCENT_COLOR_NAME = AccentColor;
				CODE_SIGN_STYLE = Automatic;
				DEVELOPMENT_TEAM = 7W7DFLJRWV;
				INFOPLIST_FILE = Messanger/Info.plist;
				IPHONEOS_DEPLOYMENT_TARGET = 13.0;
				LD_RUNPATH_SEARCH_PATHS = (
					"$(inherited)",
					"@executable_path/Frameworks",
				);
				PRODUCT_BUNDLE_IDENTIFIER = com.AugmentedReality.Messanger;
				PRODUCT_NAME = "$(TARGET_NAME)";
				SWIFT_VERSION = 5.0;
				TARGETED_DEVICE_FAMILY = "1,2";
			};
			name = Debug;
		};
		696DAFC8264EB01700F8BDD5 /* Release */ = {
			isa = XCBuildConfiguration;
			baseConfigurationReference = 2EB30964BB7BD8A9BBF081C4 /* Pods-Messanger.release.xcconfig */;
			buildSettings = {
				ASSETCATALOG_COMPILER_APPICON_NAME = AppIcon;
				ASSETCATALOG_COMPILER_GLOBAL_ACCENT_COLOR_NAME = AccentColor;
				CODE_SIGN_STYLE = Automatic;
				DEVELOPMENT_TEAM = 7W7DFLJRWV;
				INFOPLIST_FILE = Messanger/Info.plist;
				IPHONEOS_DEPLOYMENT_TARGET = 13.0;
				LD_RUNPATH_SEARCH_PATHS = (
					"$(inherited)",
					"@executable_path/Frameworks",
				);
				PRODUCT_BUNDLE_IDENTIFIER = com.AugmentedReality.Messanger;
				PRODUCT_NAME = "$(TARGET_NAME)";
				SWIFT_VERSION = 5.0;
				TARGETED_DEVICE_FAMILY = "1,2";
			};
			name = Release;
		};
/* End XCBuildConfiguration section */

/* Begin XCConfigurationList section */
		696DAFAD264EB01400F8BDD5 /* Build configuration list for PBXProject "Messanger" */ = {
			isa = XCConfigurationList;
			buildConfigurations = (
				696DAFC4264EB01700F8BDD5 /* Debug */,
				696DAFC5264EB01700F8BDD5 /* Release */,
			);
			defaultConfigurationIsVisible = 0;
			defaultConfigurationName = Release;
		};
		696DAFC6264EB01700F8BDD5 /* Build configuration list for PBXNativeTarget "Messanger" */ = {
			isa = XCConfigurationList;
			buildConfigurations = (
				696DAFC7264EB01700F8BDD5 /* Debug */,
				696DAFC8264EB01700F8BDD5 /* Release */,
			);
			defaultConfigurationIsVisible = 0;
			defaultConfigurationName = Release;
		};
/* End XCConfigurationList section */
	};
	rootObject = 696DAFAA264EB01400F8BDD5 /* Project object */;
}
